
Microsoft Visual Studio Solution File, Format Version 12.00
# Visual Studio Version 17
VisualStudioVersion = 17.7.34003.232
MinimumVisualStudioVersion = 10.0.40219.1
Project("{FAE04EC0-301F-11D3-BF4B-00C04F79EFBC}") = "FIAP_EAD", "FIAP_EAD\FIAP_EAD.csproj", "{BFC8D5A8-5A99-4497-B95C-F2C499AC94EA}"
EndProject
Global
	GlobalSection(SolutionConfigurationPlatforms) = preSolution
		Debug|Any CPU = Debug|Any CPU
		Release|Any CPU = Release|Any CPU
	EndGlobalSection
	GlobalSection(ProjectConfigurationPlatforms) = postSolution
		{BFC8D5A8-5A99-4497-B95C-F2C499AC94EA}.Debug|Any CPU.ActiveCfg = Debug|Any CPU
		{BFC8D5A8-5A99-4497-B95C-F2C499AC94EA}.Debug|Any CPU.Build.0 = Debug|Any CPU
		{BFC8D5A8-5A99-4497-B95C-F2C499AC94EA}.Release|Any CPU.ActiveCfg = Release|Any CPU
		{BFC8D5A8-5A99-4497-B95C-F2C499AC94EA}.Release|Any CPU.Build.0 = Release|Any CPU
	EndGlobalSection
	GlobalSection(SolutionProperties) = preSolution
		HideSolutionNode = FALSE
	EndGlobalSection
	GlobalSection(ExtensibilityGlobals) = postSolution
		SolutionGuid = {7D4929B7-8305-459C-B6F0-3CD1D237735B}
	EndGlobalSection
EndGlobal
